# This file is autogenerated, do not edit; changes may be undone by the next 'dep ensure'.


[[projects]]
  branch = "master"
  digest = "1:1b7e9ec0bd86e59ae45f0d169da3865a93e3842c45e1c07035ad1df441667612"
  name = "github.com/mattn/go-gtk"
  packages = ["glib"]
  pruneopts = "UT"
  revision = "4deadb416788be678fb9cac22ea76dba83c946b0"

[[projects]]
  branch = "master"
  digest = "1:7e5f43905bda49ee66ed81f9c2180d37af5483b7185183321fbdc307ee487836"
  name = "github.com/mqu/go-notify"
  packages = ["."]
  pruneopts = "UT"
  revision = "ef6f6f49d093be44ff1ec9879b1a7173b8bce2c6"

[solve-meta]
  analyzer-name = "dep"
  analyzer-version = 1
  input-imports = ["github.com/mqu/go-notify"]
  solver-name = "gps-cdcl"
  solver-version = 1
